
Microsoft Visual Studio Solution File, Format Version 12.00
# Visual Studio Version 17
VisualStudioVersion = 17.2.32516.85
MinimumVisualStudioVersion = 10.0.40219.1
Project("{FAE04EC0-301F-11D3-BF4B-00C04F79EFBC}") = "Virtualdars.DesignPatterns.Command", "Virtualdars.DesignPatterns.Command.csproj", "{DC90B433-774D-4D0C-9093-C6832EAADEC5}"
EndProject
Global
	GlobalSection(SolutionConfigurationPlatforms) = preSolution
		Debug|Any CPU = Debug|Any CPU
		Release|Any CPU = Release|Any CPU
	EndGlobalSection
	GlobalSection(ProjectConfigurationPlatforms) = postSolution
		{DC90B433-774D-4D0C-9093-C6832EAADEC5}.Debug|Any CPU.ActiveCfg = Debug|Any CPU
		{DC90B433-774D-4D0C-9093-C6832EAADEC5}.Debug|Any CPU.Build.0 = Debug|Any CPU
		{DC90B433-774D-4D0C-9093-C6832EAADEC5}.Release|Any CPU.ActiveCfg = Release|Any CPU
		{DC90B433-774D-4D0C-9093-C6832EAADEC5}.Release|Any CPU.Build.0 = Release|Any CPU
	EndGlobalSection
	GlobalSection(SolutionProperties) = preSolution
		HideSolutionNode = FALSE
	EndGlobalSection
	GlobalSection(ExtensibilityGlobals) = postSolution
		SolutionGuid = {60E2BE75-B2C3-4D8C-B4F2-F32F30AA3F4B}
	EndGlobalSection
EndGlobal
